
Microsoft Visual Studio Solution File, Format Version 12.00
# Visual Studio Version 17
VisualStudioVersion = 17.11.35222.181
MinimumVisualStudioVersion = 10.0.40219.1
Project("{FAE04EC0-301F-11D3-BF4B-00C04F79EFBC}") = "OOP_2425_WPFBIngo", "OOP_2425_WPFBIngo\OOP_2425_WPFBIngo.csproj", "{20F308AC-6A58-41B7-813D-5C051FEFCFF3}"
EndProject
Global
	GlobalSection(SolutionConfigurationPlatforms) = preSolution
		Debug|Any CPU = Debug|Any CPU
		Release|Any CPU = Release|Any CPU
	EndGlobalSection
	GlobalSection(ProjectConfigurationPlatforms) = postSolution
		{20F308AC-6A58-41B7-813D-5C051FEFCFF3}.Debug|Any CPU.ActiveCfg = Debug|Any CPU
		{20F308AC-6A58-41B7-813D-5C051FEFCFF3}.Debug|Any CPU.Build.0 = Debug|Any CPU
		{20F308AC-6A58-41B7-813D-5C051FEFCFF3}.Release|Any CPU.ActiveCfg = Release|Any CPU
		{20F308AC-6A58-41B7-813D-5C051FEFCFF3}.Release|Any CPU.Build.0 = Release|Any CPU
	EndGlobalSection
	GlobalSection(SolutionProperties) = preSolution
		HideSolutionNode = FALSE
	EndGlobalSection
	GlobalSection(ExtensibilityGlobals) = postSolution
		SolutionGuid = {26B4EA58-8231-4314-A35B-7A86E8BB2F28}
	EndGlobalSection
EndGlobal
